// !$*UTF8*$!
{
	archiveVersion = 1;
	classes = {
	};
	objectVersion = 56;
	objects = {

/* Begin PBXBuildFile section */
		B319870A2B7CBB450028681A /* AppDelegate.swift in Sources */ = {isa = PBXBuildFile; fileRef = B31987092B7CBB450028681A /* AppDelegate.swift */; };
		B319870C2B7CBB450028681A /* SceneDelegate.swift in Sources */ = {isa = PBXBuildFile; fileRef = B319870B2B7CBB450028681A /* SceneDelegate.swift */; };
		B319870E2B7CBB450028681A /* LoginViewController.swift in Sources */ = {isa = PBXBuildFile; fileRef = B319870D2B7CBB450028681A /* LoginViewController.swift */; };
		B31987112B7CBB450028681A /* Login.storyboard in Resources */ = {isa = PBXBuildFile; fileRef = B319870F2B7CBB450028681A /* Login.storyboard */; };
		B31987142B7CBB450028681A /* DragonBall.xcdatamodeld in Sources */ = {isa = PBXBuildFile; fileRef = B31987122B7CBB450028681A /* DragonBall.xcdatamodeld */; };
		B31987162B7CBB460028681A /* Assets.xcassets in Resources */ = {isa = PBXBuildFile; fileRef = B31987152B7CBB460028681A /* Assets.xcassets */; };
		B31987192B7CBB460028681A /* LaunchScreen.storyboard in Resources */ = {isa = PBXBuildFile; fileRef = B31987172B7CBB460028681A /* LaunchScreen.storyboard */; };
		B31987242B7CBB460028681A /* DragonBallTests.swift in Sources */ = {isa = PBXBuildFile; fileRef = B31987232B7CBB460028681A /* DragonBallTests.swift */; };
		B319872E2B7CBB460028681A /* DragonBallUITests.swift in Sources */ = {isa = PBXBuildFile; fileRef = B319872D2B7CBB460028681A /* DragonBallUITests.swift */; };
		B31987302B7CBB460028681A /* DragonBallUITestsLaunchTests.swift in Sources */ = {isa = PBXBuildFile; fileRef = B319872F2B7CBB460028681A /* DragonBallUITestsLaunchTests.swift */; };
		B31987542B7CD7020028681A /* LoginViewModel.swift in Sources */ = {isa = PBXBuildFile; fileRef = B31987532B7CD7020028681A /* LoginViewModel.swift */; };
		B31987572B7E35220028681A /* KeychainSwift in Frameworks */ = {isa = PBXBuildFile; productRef = B31987562B7E35220028681A /* KeychainSwift */; };
		B31987592B7E35BA0028681A /* SecureDataProvider.swift in Sources */ = {isa = PBXBuildFile; fileRef = B31987582B7E35BA0028681A /* SecureDataProvider.swift */; };
		B319875B2B7E37120028681A /* ApiProvider.swift in Sources */ = {isa = PBXBuildFile; fileRef = B319875A2B7E37120028681A /* ApiProvider.swift */; };
		B319875F2B7F56EF0028681A /* Heroes.storyboard in Resources */ = {isa = PBXBuildFile; fileRef = B319875E2B7F56EF0028681A /* Heroes.storyboard */; };
		B31987612B7F57080028681A /* HeroesViewController.swift in Sources */ = {isa = PBXBuildFile; fileRef = B31987602B7F57080028681A /* HeroesViewController.swift */; };
		B31987632B7F571A0028681A /* HeroesViewModel.swift in Sources */ = {isa = PBXBuildFile; fileRef = B31987622B7F571A0028681A /* HeroesViewModel.swift */; };
		B31987662B7F5AE30028681A /* HeroCellView.swift in Sources */ = {isa = PBXBuildFile; fileRef = B31987652B7F5AE30028681A /* HeroCellView.swift */; };
		B31987692B7F5DA90028681A /* Hero.swift in Sources */ = {isa = PBXBuildFile; fileRef = B31987682B7F5DA90028681A /* Hero.swift */; };
		B319876C2B7FEC100028681A /* HeroDAO.swift in Sources */ = {isa = PBXBuildFile; fileRef = B319876B2B7FEC100028681A /* HeroDAO.swift */; };
		B319876E2B7FEE020028681A /* CoreDataStack.swift in Sources */ = {isa = PBXBuildFile; fileRef = B319876D2B7FEE020028681A /* CoreDataStack.swift */; };
		B31987712B7FF0CC0028681A /* HeroDetailViewController.swift in Sources */ = {isa = PBXBuildFile; fileRef = B31987702B7FF0CC0028681A /* HeroDetailViewController.swift */; };
		B31987732B7FF0DE0028681A /* HeroDetailViewModel.swift in Sources */ = {isa = PBXBuildFile; fileRef = B31987722B7FF0DE0028681A /* HeroDetailViewModel.swift */; };
		B31987752B7FF0F10028681A /* HeroDetail.storyboard in Resources */ = {isa = PBXBuildFile; fileRef = B31987742B7FF0F10028681A /* HeroDetail.storyboard */; };
		B31987782B7FF11C0028681A /* HeroAnnotation.swift in Sources */ = {isa = PBXBuildFile; fileRef = B31987772B7FF11C0028681A /* HeroAnnotation.swift */; };
		B319877B2B7FF42E0028681A /* Kingfisher in Frameworks */ = {isa = PBXBuildFile; productRef = B319877A2B7FF42E0028681A /* Kingfisher */; };
		B319877D2B83A6A50028681A /* HeroLocation.swift in Sources */ = {isa = PBXBuildFile; fileRef = B319877C2B83A6A50028681A /* HeroLocation.swift */; };
		B319877F2B83A6C90028681A /* Splash.storyboard in Resources */ = {isa = PBXBuildFile; fileRef = B319877E2B83A6C90028681A /* Splash.storyboard */; };
		B31987812B83A6D80028681A /* SplashViewController.swift in Sources */ = {isa = PBXBuildFile; fileRef = B31987802B83A6D80028681A /* SplashViewController.swift */; };
		B31987832B83A6E10028681A /* SplashViewModel.swift in Sources */ = {isa = PBXBuildFile; fileRef = B31987822B83A6E10028681A /* SplashViewModel.swift */; };
/* End PBXBuildFile section */

/* Begin PBXContainerItemProxy section */
		B31987202B7CBB460028681A /* PBXContainerItemProxy */ = {
			isa = PBXContainerItemProxy;
			containerPortal = B31986FE2B7CBB450028681A /* Project object */;
			proxyType = 1;
			remoteGlobalIDString = B31987052B7CBB450028681A;
			remoteInfo = DragonBall;
		};
		B319872A2B7CBB460028681A /* PBXContainerItemProxy */ = {
			isa = PBXContainerItemProxy;
			containerPortal = B31986FE2B7CBB450028681A /* Project object */;
			proxyType = 1;
			remoteGlobalIDString = B31987052B7CBB450028681A;
			remoteInfo = DragonBall;
		};
/* End PBXContainerItemProxy section */

/* Begin PBXFileReference section */
		B31987062B7CBB450028681A /* DragonBall.app */ = {isa = PBXFileReference; explicitFileType = wrapper.application; includeInIndex = 0; path = DragonBall.app; sourceTree = BUILT_PRODUCTS_DIR; };
		B31987092B7CBB450028681A /* AppDelegate.swift */ = {isa = PBXFileReference; lastKnownFileType = sourcecode.swift; path = AppDelegate.swift; sourceTree = "<group>"; };
		B319870B2B7CBB450028681A /* SceneDelegate.swift */ = {isa = PBXFileReference; lastKnownFileType = sourcecode.swift; path = SceneDelegate.swift; sourceTree = "<group>"; };
		B319870D2B7CBB450028681A /* LoginViewController.swift */ = {isa = PBXFileReference; lastKnownFileType = sourcecode.swift; path = LoginViewController.swift; sourceTree = "<group>"; };
		B31987102B7CBB450028681A /* Base */ = {isa = PBXFileReference; lastKnownFileType = file.storyboard; name = Base; path = Base.lproj/Login.storyboard; sourceTree = "<group>"; };
		B31987132B7CBB450028681A /* DragonBall.xcdatamodel */ = {isa = PBXFileReference; lastKnownFileType = wrapper.xcdatamodel; path = DragonBall.xcdatamodel; sourceTree = "<group>"; };
		B31987152B7CBB460028681A /* Assets.xcassets */ = {isa = PBXFileReference; lastKnownFileType = folder.assetcatalog; path = Assets.xcassets; sourceTree = "<group>"; };
		B31987182B7CBB460028681A /* Base */ = {isa = PBXFileReference; lastKnownFileType = file.storyboard; name = Base; path = Base.lproj/LaunchScreen.storyboard; sourceTree = "<group>"; };
		B319871A2B7CBB460028681A /* Info.plist */ = {isa = PBXFileReference; lastKnownFileType = text.plist.xml; path = Info.plist; sourceTree = "<group>"; };
		B319871F2B7CBB460028681A /* DragonBallTests.xctest */ = {isa = PBXFileReference; explicitFileType = wrapper.cfbundle; includeInIndex = 0; path = DragonBallTests.xctest; sourceTree = BUILT_PRODUCTS_DIR; };
		B31987232B7CBB460028681A /* DragonBallTests.swift */ = {isa = PBXFileReference; lastKnownFileType = sourcecode.swift; path = DragonBallTests.swift; sourceTree = "<group>"; };
		B31987292B7CBB460028681A /* DragonBallUITests.xctest */ = {isa = PBXFileReference; explicitFileType = wrapper.cfbundle; includeInIndex = 0; path = DragonBallUITests.xctest; sourceTree = BUILT_PRODUCTS_DIR; };
		B319872D2B7CBB460028681A /* DragonBallUITests.swift */ = {isa = PBXFileReference; lastKnownFileType = sourcecode.swift; path = DragonBallUITests.swift; sourceTree = "<group>"; };
		B319872F2B7CBB460028681A /* DragonBallUITestsLaunchTests.swift */ = {isa = PBXFileReference; lastKnownFileType = sourcecode.swift; path = DragonBallUITestsLaunchTests.swift; sourceTree = "<group>"; };
		B31987532B7CD7020028681A /* LoginViewModel.swift */ = {isa = PBXFileReference; lastKnownFileType = sourcecode.swift; path = LoginViewModel.swift; sourceTree = "<group>"; };
		B31987582B7E35BA0028681A /* SecureDataProvider.swift */ = {isa = PBXFileReference; lastKnownFileType = sourcecode.swift; path = SecureDataProvider.swift; sourceTree = "<group>"; };
		B319875A2B7E37120028681A /* ApiProvider.swift */ = {isa = PBXFileReference; lastKnownFileType = sourcecode.swift; path = ApiProvider.swift; sourceTree = "<group>"; };
		B319875E2B7F56EF0028681A /* Heroes.storyboard */ = {isa = PBXFileReference; lastKnownFileType = file.storyboard; path = Heroes.storyboard; sourceTree = "<group>"; };
		B31987602B7F57080028681A /* HeroesViewController.swift */ = {isa = PBXFileReference; lastKnownFileType = sourcecode.swift; path = HeroesViewController.swift; sourceTree = "<group>"; };
		B31987622B7F571A0028681A /* HeroesViewModel.swift */ = {isa = PBXFileReference; lastKnownFileType = sourcecode.swift; path = HeroesViewModel.swift; sourceTree = "<group>"; };
		B31987652B7F5AE30028681A /* HeroCellView.swift */ = {isa = PBXFileReference; lastKnownFileType = sourcecode.swift; path = HeroCellView.swift; sourceTree = "<group>"; };
		B31987682B7F5DA90028681A /* Hero.swift */ = {isa = PBXFileReference; lastKnownFileType = sourcecode.swift; path = Hero.swift; sourceTree = "<group>"; };
		B319876B2B7FEC100028681A /* HeroDAO.swift */ = {isa = PBXFileReference; lastKnownFileType = sourcecode.swift; path = HeroDAO.swift; sourceTree = "<group>"; };
		B319876D2B7FEE020028681A /* CoreDataStack.swift */ = {isa = PBXFileReference; lastKnownFileType = sourcecode.swift; path = CoreDataStack.swift; sourceTree = "<group>"; };
		B31987702B7FF0CC0028681A /* HeroDetailViewController.swift */ = {isa = PBXFileReference; lastKnownFileType = sourcecode.swift; path = HeroDetailViewController.swift; sourceTree = "<group>"; };
		B31987722B7FF0DE0028681A /* HeroDetailViewModel.swift */ = {isa = PBXFileReference; lastKnownFileType = sourcecode.swift; path = HeroDetailViewModel.swift; sourceTree = "<group>"; };
		B31987742B7FF0F10028681A /* HeroDetail.storyboard */ = {isa = PBXFileReference; lastKnownFileType = file.storyboard; path = HeroDetail.storyboard; sourceTree = "<group>"; };
		B31987772B7FF11C0028681A /* HeroAnnotation.swift */ = {isa = PBXFileReference; lastKnownFileType = sourcecode.swift; path = HeroAnnotation.swift; sourceTree = "<group>"; };
		B319877C2B83A6A50028681A /* HeroLocation.swift */ = {isa = PBXFileReference; lastKnownFileType = sourcecode.swift; path = HeroLocation.swift; sourceTree = "<group>"; };
		B319877E2B83A6C90028681A /* Splash.storyboard */ = {isa = PBXFileReference; lastKnownFileType = file.storyboard; path = Splash.storyboard; sourceTree = "<group>"; };
		B31987802B83A6D80028681A /* SplashViewController.swift */ = {isa = PBXFileReference; lastKnownFileType = sourcecode.swift; path = SplashViewController.swift; sourceTree = "<group>"; };
		B31987822B83A6E10028681A /* SplashViewModel.swift */ = {isa = PBXFileReference; lastKnownFileType = sourcecode.swift; path = SplashViewModel.swift; sourceTree = "<group>"; };
/* End PBXFileReference section */

/* Begin PBXFrameworksBuildPhase section */
		B31987032B7CBB450028681A /* Frameworks */ = {
			isa = PBXFrameworksBuildPhase;
			buildActionMask = 2147483647;
			files = (
				B319877B2B7FF42E0028681A /* Kingfisher in Frameworks */,
				B31987572B7E35220028681A /* KeychainSwift in Frameworks */,
			);
			runOnlyForDeploymentPostprocessing = 0;
		};
		B319871C2B7CBB460028681A /* Frameworks */ = {
			isa = PBXFrameworksBuildPhase;
			buildActionMask = 2147483647;
			files = (
			);
			runOnlyForDeploymentPostprocessing = 0;
		};
		B31987262B7CBB460028681A /* Frameworks */ = {
			isa = PBXFrameworksBuildPhase;
			buildActionMask = 2147483647;
			files = (
			);
			runOnlyForDeploymentPostprocessing = 0;
		};
/* End PBXFrameworksBuildPhase section */

/* Begin PBXGroup section */
		B31986FD2B7CBB450028681A = {
			isa = PBXGroup;
			children = (
				B31987082B7CBB450028681A /* DragonBall */,
				B31987222B7CBB460028681A /* DragonBallTests */,
				B319872C2B7CBB460028681A /* DragonBallUITests */,
				B31987072B7CBB450028681A /* Products */,
			);
			sourceTree = "<group>";
		};
		B31987072B7CBB450028681A /* Products */ = {
			isa = PBXGroup;
			children = (
				B31987062B7CBB450028681A /* DragonBall.app */,
				B319871F2B7CBB460028681A /* DragonBallTests.xctest */,
				B31987292B7CBB460028681A /* DragonBallUITests.xctest */,
			);
			name = Products;
			sourceTree = "<group>";
		};
		B31987082B7CBB450028681A /* DragonBall */ = {
			isa = PBXGroup;
			children = (
				B319871A2B7CBB460028681A /* Info.plist */,
				B31987092B7CBB450028681A /* AppDelegate.swift */,
				B319870B2B7CBB450028681A /* SceneDelegate.swift */,
				B319873E2B7CBBBB0028681A /* Data */,
				B319873D2B7CBBB40028681A /* Resources */,
				B31987672B7F5D700028681A /* Models */,
				B319873C2B7CBBA10028681A /* Presentation */,
			);
			path = DragonBall;
			sourceTree = "<group>";
		};
		B31987222B7CBB460028681A /* DragonBallTests */ = {
			isa = PBXGroup;
			children = (
				B31987232B7CBB460028681A /* DragonBallTests.swift */,
			);
			path = DragonBallTests;
			sourceTree = "<group>";
		};
		B319872C2B7CBB460028681A /* DragonBallUITests */ = {
			isa = PBXGroup;
			children = (
				B319872D2B7CBB460028681A /* DragonBallUITests.swift */,
				B319872F2B7CBB460028681A /* DragonBallUITestsLaunchTests.swift */,
			);
			path = DragonBallUITests;
			sourceTree = "<group>";
		};
		B319873C2B7CBBA10028681A /* Presentation */ = {
			isa = PBXGroup;
			children = (
				B319876F2B7FF09B0028681A /* HeroDetail */,
				B319875D2B7F53320028681A /* Splash */,
				B319875C2B7F531A0028681A /* Heroes */,
				B31987422B7CBC9D0028681A /* Login */,
				B31987412B7CBC920028681A /* Launch */,
			);
			path = Presentation;
			sourceTree = "<group>";
		};
		B319873D2B7CBBB40028681A /* Resources */ = {
			isa = PBXGroup;
			children = (
				B31987152B7CBB460028681A /* Assets.xcassets */,
			);
			path = Resources;
			sourceTree = "<group>";
		};
		B319873E2B7CBBBB0028681A /* Data */ = {
			isa = PBXGroup;
			children = (
				B31987402B7CBC530028681A /* Api */,
				B319873F2B7CBC4C0028681A /* Local */,
			);
			path = Data;
			sourceTree = "<group>";
		};
		B319873F2B7CBC4C0028681A /* Local */ = {
			isa = PBXGroup;
			children = (
				B319876A2B7FEBFD0028681A /* Models */,
				B31987122B7CBB450028681A /* DragonBall.xcdatamodeld */,
				B319876D2B7FEE020028681A /* CoreDataStack.swift */,
				B31987582B7E35BA0028681A /* SecureDataProvider.swift */,
			);
			path = Local;
			sourceTree = "<group>";
		};
		B31987402B7CBC530028681A /* Api */ = {
			isa = PBXGroup;
			children = (
				B319875A2B7E37120028681A /* ApiProvider.swift */,
			);
			path = Api;
			sourceTree = "<group>";
		};
		B31987412B7CBC920028681A /* Launch */ = {
			isa = PBXGroup;
			children = (
				B31987172B7CBB460028681A /* LaunchScreen.storyboard */,
			);
			path = Launch;
			sourceTree = "<group>";
		};
		B31987422B7CBC9D0028681A /* Login */ = {
			isa = PBXGroup;
			children = (
				B319870F2B7CBB450028681A /* Login.storyboard */,
				B319870D2B7CBB450028681A /* LoginViewController.swift */,
				B31987532B7CD7020028681A /* LoginViewModel.swift */,
			);
			path = Login;
			sourceTree = "<group>";
		};
		B319875C2B7F531A0028681A /* Heroes */ = {
			isa = PBXGroup;
			children = (
				B31987642B7F587A0028681A /* Cell */,
				B319875E2B7F56EF0028681A /* Heroes.storyboard */,
				B31987602B7F57080028681A /* HeroesViewController.swift */,
				B31987622B7F571A0028681A /* HeroesViewModel.swift */,
			);
			path = Heroes;
			sourceTree = "<group>";
		};
		B319875D2B7F53320028681A /* Splash */ = {
			isa = PBXGroup;
			children = (
				B319877E2B83A6C90028681A /* Splash.storyboard */,
				B31987802B83A6D80028681A /* SplashViewController.swift */,
				B31987822B83A6E10028681A /* SplashViewModel.swift */,
			);
			path = Splash;
			sourceTree = "<group>";
		};
		B31987642B7F587A0028681A /* Cell */ = {
			isa = PBXGroup;
			children = (
				B31987652B7F5AE30028681A /* HeroCellView.swift */,
			);
			path = Cell;
			sourceTree = "<group>";
		};
		B31987672B7F5D700028681A /* Models */ = {
			isa = PBXGroup;
			children = (
				B31987682B7F5DA90028681A /* Hero.swift */,
				B319877C2B83A6A50028681A /* HeroLocation.swift */,
			);
			path = Models;
			sourceTree = "<group>";
		};
		B319876A2B7FEBFD0028681A /* Models */ = {
			isa = PBXGroup;
			children = (
				B319876B2B7FEC100028681A /* HeroDAO.swift */,
			);
			path = Models;
			sourceTree = "<group>";
		};
		B319876F2B7FF09B0028681A /* HeroDetail */ = {
			isa = PBXGroup;
			children = (
				B31987762B7FF0F80028681A /* MapAnnotations */,
				B31987702B7FF0CC0028681A /* HeroDetailViewController.swift */,
				B31987722B7FF0DE0028681A /* HeroDetailViewModel.swift */,
				B31987742B7FF0F10028681A /* HeroDetail.storyboard */,
			);
			path = HeroDetail;
			sourceTree = "<group>";
		};
		B31987762B7FF0F80028681A /* MapAnnotations */ = {
			isa = PBXGroup;
			children = (
				B31987772B7FF11C0028681A /* HeroAnnotation.swift */,
			);
			path = MapAnnotations;
			sourceTree = "<group>";
		};
/* End PBXGroup section */

/* Begin PBXNativeTarget section */
		B31987052B7CBB450028681A /* DragonBall */ = {
			isa = PBXNativeTarget;
			buildConfigurationList = B31987332B7CBB460028681A /* Build configuration list for PBXNativeTarget "DragonBall" */;
			buildPhases = (
				B31987022B7CBB450028681A /* Sources */,
				B31987032B7CBB450028681A /* Frameworks */,
				B31987042B7CBB450028681A /* Resources */,
			);
			buildRules = (
			);
			dependencies = (
			);
			name = DragonBall;
			packageProductDependencies = (
				B31987562B7E35220028681A /* KeychainSwift */,
				B319877A2B7FF42E0028681A /* Kingfisher */,
			);
			productName = DragonBall;
			productReference = B31987062B7CBB450028681A /* DragonBall.app */;
			productType = "com.apple.product-type.application";
		};
		B319871E2B7CBB460028681A /* DragonBallTests */ = {
			isa = PBXNativeTarget;
			buildConfigurationList = B31987362B7CBB460028681A /* Build configuration list for PBXNativeTarget "DragonBallTests" */;
			buildPhases = (
				B319871B2B7CBB460028681A /* Sources */,
				B319871C2B7CBB460028681A /* Frameworks */,
				B319871D2B7CBB460028681A /* Resources */,
			);
			buildRules = (
			);
			dependencies = (
				B31987212B7CBB460028681A /* PBXTargetDependency */,
			);
			name = DragonBallTests;
			productName = DragonBallTests;
			productReference = B319871F2B7CBB460028681A /* DragonBallTests.xctest */;
			productType = "com.apple.product-type.bundle.unit-test";
		};
		B31987282B7CBB460028681A /* DragonBallUITests */ = {
			isa = PBXNativeTarget;
			buildConfigurationList = B31987392B7CBB460028681A /* Build configuration list for PBXNativeTarget "DragonBallUITests" */;
			buildPhases = (
				B31987252B7CBB460028681A /* Sources */,
				B31987262B7CBB460028681A /* Frameworks */,
				B31987272B7CBB460028681A /* Resources */,
			);
			buildRules = (
			);
			dependencies = (
				B319872B2B7CBB460028681A /* PBXTargetDependency */,
			);
			name = DragonBallUITests;
			productName = DragonBallUITests;
			productReference = B31987292B7CBB460028681A /* DragonBallUITests.xctest */;
			productType = "com.apple.product-type.bundle.ui-testing";
		};
/* End PBXNativeTarget section */

/* Begin PBXProject section */
		B31986FE2B7CBB450028681A /* Project object */ = {
			isa = PBXProject;
			attributes = {
				BuildIndependentTargetsInParallel = 1;
				LastSwiftUpdateCheck = 1510;
				LastUpgradeCheck = 1510;
				TargetAttributes = {
					B31987052B7CBB450028681A = {
						CreatedOnToolsVersion = 15.1;
					};
					B319871E2B7CBB460028681A = {
						CreatedOnToolsVersion = 15.1;
						TestTargetID = B31987052B7CBB450028681A;
					};
					B31987282B7CBB460028681A = {
						CreatedOnToolsVersion = 15.1;
						TestTargetID = B31987052B7CBB450028681A;
					};
				};
			};
			buildConfigurationList = B31987012B7CBB450028681A /* Build configuration list for PBXProject "DragonBall" */;
			compatibilityVersion = "Xcode 14.0";
			developmentRegion = en;
			hasScannedForEncodings = 0;
			knownRegions = (
				en,
				Base,
			);
			mainGroup = B31986FD2B7CBB450028681A;
			packageReferences = (
				B31987552B7E35220028681A /* XCRemoteSwiftPackageReference "keychain-swift" */,
				B31987792B7FF42E0028681A /* XCRemoteSwiftPackageReference "Kingfisher" */,
			);
			productRefGroup = B31987072B7CBB450028681A /* Products */;
			projectDirPath = "";
			projectRoot = "";
			targets = (
				B31987052B7CBB450028681A /* DragonBall */,
				B319871E2B7CBB460028681A /* DragonBallTests */,
				B31987282B7CBB460028681A /* DragonBallUITests */,
			);
		};
/* End PBXProject section */

/* Begin PBXResourcesBuildPhase section */
		B31987042B7CBB450028681A /* Resources */ = {
			isa = PBXResourcesBuildPhase;
			buildActionMask = 2147483647;
			files = (
				B31987752B7FF0F10028681A /* HeroDetail.storyboard in Resources */,
				B31987192B7CBB460028681A /* LaunchScreen.storyboard in Resources */,
				B31987162B7CBB460028681A /* Assets.xcassets in Resources */,
				B319875F2B7F56EF0028681A /* Heroes.storyboard in Resources */,
				B31987112B7CBB450028681A /* Login.storyboard in Resources */,
				B319877F2B83A6C90028681A /* Splash.storyboard in Resources */,
			);
			runOnlyForDeploymentPostprocessing = 0;
		};
		B319871D2B7CBB460028681A /* Resources */ = {
			isa = PBXResourcesBuildPhase;
			buildActionMask = 2147483647;
			files = (
			);
			runOnlyForDeploymentPostprocessing = 0;
		};
		B31987272B7CBB460028681A /* Resources */ = {
			isa = PBXResourcesBuildPhase;
			buildActionMask = 2147483647;
			files = (
			);
			runOnlyForDeploymentPostprocessing = 0;
		};
/* End PBXResourcesBuildPhase section */

/* Begin PBXSourcesBuildPhase section */
		B31987022B7CBB450028681A /* Sources */ = {
			isa = PBXSourcesBuildPhase;
			buildActionMask = 2147483647;
			files = (
				B319870E2B7CBB450028681A /* LoginViewController.swift in Sources */,
				B31987832B83A6E10028681A /* SplashViewModel.swift in Sources */,
				B31987142B7CBB450028681A /* DragonBall.xcdatamodeld in Sources */,
				B31987612B7F57080028681A /* HeroesViewController.swift in Sources */,
				B31987812B83A6D80028681A /* SplashViewController.swift in Sources */,
				B31987592B7E35BA0028681A /* SecureDataProvider.swift in Sources */,
				B319877D2B83A6A50028681A /* HeroLocation.swift in Sources */,
				B31987632B7F571A0028681A /* HeroesViewModel.swift in Sources */,
				B319870A2B7CBB450028681A /* AppDelegate.swift in Sources */,
				B319876E2B7FEE020028681A /* CoreDataStack.swift in Sources */,
				B319876C2B7FEC100028681A /* HeroDAO.swift in Sources */,
				B31987692B7F5DA90028681A /* Hero.swift in Sources */,
				B31987732B7FF0DE0028681A /* HeroDetailViewModel.swift in Sources */,
				B31987712B7FF0CC0028681A /* HeroDetailViewController.swift in Sources */,
				B31987662B7F5AE30028681A /* HeroCellView.swift in Sources */,
				B31987782B7FF11C0028681A /* HeroAnnotation.swift in Sources */,
				B31987542B7CD7020028681A /* LoginViewModel.swift in Sources */,
				B319875B2B7E37120028681A /* ApiProvider.swift in Sources */,
				B319870C2B7CBB450028681A /* SceneDelegate.swift in Sources */,
			);
			runOnlyForDeploymentPostprocessing = 0;
		};
		B319871B2B7CBB460028681A /* Sources */ = {
			isa = PBXSourcesBuildPhase;
			buildActionMask = 2147483647;
			files = (
				B31987242B7CBB460028681A /* DragonBallTests.swift in Sources */,
			);
			runOnlyForDeploymentPostprocessing = 0;
		};
		B31987252B7CBB460028681A /* Sources */ = {
			isa = PBXSourcesBuildPhase;
			buildActionMask = 2147483647;
			files = (
				B31987302B7CBB460028681A /* DragonBallUITestsLaunchTests.swift in Sources */,
				B319872E2B7CBB460028681A /* DragonBallUITests.swift in Sources */,
			);
			runOnlyForDeploymentPostprocessing = 0;
		};
/* End PBXSourcesBuildPhase section */

/* Begin PBXTargetDependency section */
		B31987212B7CBB460028681A /* PBXTargetDependency */ = {
			isa = PBXTargetDependency;
			target = B31987052B7CBB450028681A /* DragonBall */;
			targetProxy = B31987202B7CBB460028681A /* PBXContainerItemProxy */;
		};
		B319872B2B7CBB460028681A /* PBXTargetDependency */ = {
			isa = PBXTargetDependency;
			target = B31987052B7CBB450028681A /* DragonBall */;
			targetProxy = B319872A2B7CBB460028681A /* PBXContainerItemProxy */;
		};
/* End PBXTargetDependency section */

/* Begin PBXVariantGroup section */
		B319870F2B7CBB450028681A /* Login.storyboard */ = {
			isa = PBXVariantGroup;
			children = (
				B31987102B7CBB450028681A /* Base */,
			);
			name = Login.storyboard;
			sourceTree = "<group>";
		};
		B31987172B7CBB460028681A /* LaunchScreen.storyboard */ = {
			isa = PBXVariantGroup;
			children = (
				B31987182B7CBB460028681A /* Base */,
			);
			name = LaunchScreen.storyboard;
			sourceTree = "<group>";
		};
/* End PBXVariantGroup section */

/* Begin XCBuildConfiguration section */
		B31987312B7CBB460028681A /* Debug */ = {
			isa = XCBuildConfiguration;
			buildSettings = {
				ALWAYS_SEARCH_USER_PATHS = NO;
				ASSETCATALOG_COMPILER_GENERATE_SWIFT_ASSET_SYMBOL_EXTENSIONS = YES;
				CLANG_ANALYZER_NONNULL = YES;
				CLANG_ANALYZER_NUMBER_OBJECT_CONVERSION = YES_AGGRESSIVE;
				CLANG_CXX_LANGUAGE_STANDARD = "gnu++20";
				CLANG_ENABLE_MODULES = YES;
				CLANG_ENABLE_OBJC_ARC = YES;
				CLANG_ENABLE_OBJC_WEAK = YES;
				CLANG_WARN_BLOCK_CAPTURE_AUTORELEASING = YES;
				CLANG_WARN_BOOL_CONVERSION = YES;
				CLANG_WARN_COMMA = YES;
				CLANG_WARN_CONSTANT_CONVERSION = YES;
				CLANG_WARN_DEPRECATED_OBJC_IMPLEMENTATIONS = YES;
				CLANG_WARN_DIRECT_OBJC_ISA_USAGE = YES_ERROR;
				CLANG_WARN_DOCUMENTATION_COMMENTS = YES;
				CLANG_WARN_EMPTY_BODY = YES;
				CLANG_WARN_ENUM_CONVERSION = YES;
				CLANG_WARN_INFINITE_RECURSION = YES;
				CLANG_WARN_INT_CONVERSION = YES;
				CLANG_WARN_NON_LITERAL_NULL_CONVERSION = YES;
				CLANG_WARN_OBJC_IMPLICIT_RETAIN_SELF = YES;
				CLANG_WARN_OBJC_LITERAL_CONVERSION = YES;
				CLANG_WARN_OBJC_ROOT_CLASS = YES_ERROR;
				CLANG_WARN_QUOTED_INCLUDE_IN_FRAMEWORK_HEADER = YES;
				CLANG_WARN_RANGE_LOOP_ANALYSIS = YES;
				CLANG_WARN_STRICT_PROTOTYPES = YES;
				CLANG_WARN_SUSPICIOUS_MOVE = YES;
				CLANG_WARN_UNGUARDED_AVAILABILITY = YES_AGGRESSIVE;
				CLANG_WARN_UNREACHABLE_CODE = YES;
				CLANG_WARN__DUPLICATE_METHOD_MATCH = YES;
				COPY_PHASE_STRIP = NO;
				DEBUG_INFORMATION_FORMAT = dwarf;
				ENABLE_STRICT_OBJC_MSGSEND = YES;
				ENABLE_TESTABILITY = YES;
				ENABLE_USER_SCRIPT_SANDBOXING = YES;
				GCC_C_LANGUAGE_STANDARD = gnu17;
				GCC_DYNAMIC_NO_PIC = NO;
				GCC_NO_COMMON_BLOCKS = YES;
				GCC_OPTIMIZATION_LEVEL = 0;
				GCC_PREPROCESSOR_DEFINITIONS = (
					"DEBUG=1",
					"$(inherited)",
				);
				GCC_WARN_64_TO_32_BIT_CONVERSION = YES;
				GCC_WARN_ABOUT_RETURN_TYPE = YES_ERROR;
				GCC_WARN_UNDECLARED_SELECTOR = YES;
				GCC_WARN_UNINITIALIZED_AUTOS = YES_AGGRESSIVE;
				GCC_WARN_UNUSED_FUNCTION = YES;
				GCC_WARN_UNUSED_VARIABLE = YES;
				IPHONEOS_DEPLOYMENT_TARGET = 17.2;
				LOCALIZATION_PREFERS_STRING_CATALOGS = YES;
				MTL_ENABLE_DEBUG_INFO = INCLUDE_SOURCE;
				MTL_FAST_MATH = YES;
				ONLY_ACTIVE_ARCH = YES;
				SDKROOT = iphoneos;
				SWIFT_ACTIVE_COMPILATION_CONDITIONS = "DEBUG $(inherited)";
				SWIFT_OPTIMIZATION_LEVEL = "-Onone";
			};
			name = Debug;
		};
		B31987322B7CBB460028681A /* Release */ = {
			isa = XCBuildConfiguration;
			buildSettings = {
				ALWAYS_SEARCH_USER_PATHS = NO;
				ASSETCATALOG_COMPILER_GENERATE_SWIFT_ASSET_SYMBOL_EXTENSIONS = YES;
				CLANG_ANALYZER_NONNULL = YES;
				CLANG_ANALYZER_NUMBER_OBJECT_CONVERSION = YES_AGGRESSIVE;
				CLANG_CXX_LANGUAGE_STANDARD = "gnu++20";
				CLANG_ENABLE_MODULES = YES;
				CLANG_ENABLE_OBJC_ARC = YES;
				CLANG_ENABLE_OBJC_WEAK = YES;
				CLANG_WARN_BLOCK_CAPTURE_AUTORELEASING = YES;
				CLANG_WARN_BOOL_CONVERSION = YES;
				CLANG_WARN_COMMA = YES;
				CLANG_WARN_CONSTANT_CONVERSION = YES;
				CLANG_WARN_DEPRECATED_OBJC_IMPLEMENTATIONS = YES;
				CLANG_WARN_DIRECT_OBJC_ISA_USAGE = YES_ERROR;
				CLANG_WARN_DOCUMENTATION_COMMENTS = YES;
				CLANG_WARN_EMPTY_BODY = YES;
				CLANG_WARN_ENUM_CONVERSION = YES;
				CLANG_WARN_INFINITE_RECURSION = YES;
				CLANG_WARN_INT_CONVERSION = YES;
				CLANG_WARN_NON_LITERAL_NULL_CONVERSION = YES;
				CLANG_WARN_OBJC_IMPLICIT_RETAIN_SELF = YES;
				CLANG_WARN_OBJC_LITERAL_CONVERSION = YES;
				CLANG_WARN_OBJC_ROOT_CLASS = YES_ERROR;
				CLANG_WARN_QUOTED_INCLUDE_IN_FRAMEWORK_HEADER = YES;
				CLANG_WARN_RANGE_LOOP_ANALYSIS = YES;
				CLANG_WARN_STRICT_PROTOTYPES = YES;
				CLANG_WARN_SUSPICIOUS_MOVE = YES;
				CLANG_WARN_UNGUARDED_AVAILABILITY = YES_AGGRESSIVE;
				CLANG_WARN_UNREACHABLE_CODE = YES;
				CLANG_WARN__DUPLICATE_METHOD_MATCH = YES;
				COPY_PHASE_STRIP = NO;
				DEBUG_INFORMATION_FORMAT = "dwarf-with-dsym";
				ENABLE_NS_ASSERTIONS = NO;
				ENABLE_STRICT_OBJC_MSGSEND = YES;
				ENABLE_USER_SCRIPT_SANDBOXING = YES;
				GCC_C_LANGUAGE_STANDARD = gnu17;
				GCC_NO_COMMON_BLOCKS = YES;
				GCC_WARN_64_TO_32_BIT_CONVERSION = YES;
				GCC_WARN_ABOUT_RETURN_TYPE = YES_ERROR;
				GCC_WARN_UNDECLARED_SELECTOR = YES;
				GCC_WARN_UNINITIALIZED_AUTOS = YES_AGGRESSIVE;
				GCC_WARN_UNUSED_FUNCTION = YES;
				GCC_WARN_UNUSED_VARIABLE = YES;
				IPHONEOS_DEPLOYMENT_TARGET = 17.2;
				LOCALIZATION_PREFERS_STRING_CATALOGS = YES;
				MTL_ENABLE_DEBUG_INFO = NO;
				MTL_FAST_MATH = YES;
				SDKROOT = iphoneos;
				SWIFT_COMPILATION_MODE = wholemodule;
				VALIDATE_PRODUCT = YES;
			};
			name = Release;
		};
		B31987342B7CBB460028681A /* Debug */ = {
			isa = XCBuildConfiguration;
			buildSettings = {
				ASSETCATALOG_COMPILER_APPICON_NAME = AppIcon;
				ASSETCATALOG_COMPILER_GLOBAL_ACCENT_COLOR_NAME = AccentColor;
				CODE_SIGN_STYLE = Automatic;
				CURRENT_PROJECT_VERSION = 1;
				DEVELOPMENT_TEAM = P48L4VGBZ7;
				GENERATE_INFOPLIST_FILE = YES;
				INFOPLIST_FILE = DragonBall/Info.plist;
				INFOPLIST_KEY_UIApplicationSupportsIndirectInputEvents = YES;
				INFOPLIST_KEY_UILaunchStoryboardName = LaunchScreen;
				INFOPLIST_KEY_UISupportedInterfaceOrientations_iPad = "UIInterfaceOrientationPortrait UIInterfaceOrientationPortraitUpsideDown UIInterfaceOrientationLandscapeLeft UIInterfaceOrientationLandscapeRight";
				INFOPLIST_KEY_UISupportedInterfaceOrientations_iPhone = "UIInterfaceOrientationPortrait UIInterfaceOrientationLandscapeLeft UIInterfaceOrientationLandscapeRight";
				LD_RUNPATH_SEARCH_PATHS = (
					"$(inherited)",
					"@executable_path/Frameworks",
				);
				MARKETING_VERSION = 1.0;
				PRODUCT_BUNDLE_IDENTIFIER = com.carlostorrejon.DragonBall;
				PRODUCT_NAME = "$(TARGET_NAME)";
				SWIFT_EMIT_LOC_STRINGS = YES;
				SWIFT_VERSION = 5.0;
				TARGETED_DEVICE_FAMILY = "1,2";
			};
			name = Debug;
		};
		B31987352B7CBB460028681A /* Release */ = {
			isa = XCBuildConfiguration;
			buildSettings = {
				ASSETCATALOG_COMPILER_APPICON_NAME = AppIcon;
				ASSETCATALOG_COMPILER_GLOBAL_ACCENT_COLOR_NAME = AccentColor;
				CODE_SIGN_STYLE = Automatic;
				CURRENT_PROJECT_VERSION = 1;
				DEVELOPMENT_TEAM = P48L4VGBZ7;
				GENERATE_INFOPLIST_FILE = YES;
				INFOPLIST_FILE = DragonBall/Info.plist;
				INFOPLIST_KEY_UIApplicationSupportsIndirectInputEvents = YES;
				INFOPLIST_KEY_UILaunchStoryboardName = LaunchScreen;
				INFOPLIST_KEY_UISupportedInterfaceOrientations_iPad = "UIInterfaceOrientationPortrait UIInterfaceOrientationPortraitUpsideDown UIInterfaceOrientationLandscapeLeft UIInterfaceOrientationLandscapeRight";
				INFOPLIST_KEY_UISupportedInterfaceOrientations_iPhone = "UIInterfaceOrientationPortrait UIInterfaceOrientationLandscapeLeft UIInterfaceOrientationLandscapeRight";
				LD_RUNPATH_SEARCH_PATHS = (
					"$(inherited)",
					"@executable_path/Frameworks",
				);
				MARKETING_VERSION = 1.0;
				PRODUCT_BUNDLE_IDENTIFIER = com.carlostorrejon.DragonBall;
				PRODUCT_NAME = "$(TARGET_NAME)";
				SWIFT_EMIT_LOC_STRINGS = YES;
				SWIFT_VERSION = 5.0;
				TARGETED_DEVICE_FAMILY = "1,2";
			};
			name = Release;
		};
		B31987372B7CBB460028681A /* Debug */ = {
			isa = XCBuildConfiguration;
			buildSettings = {
				ALWAYS_EMBED_SWIFT_STANDARD_LIBRARIES = YES;
				BUNDLE_LOADER = "$(TEST_HOST)";
				CODE_SIGN_STYLE = Automatic;
				CURRENT_PROJECT_VERSION = 1;
				DEVELOPMENT_TEAM = P48L4VGBZ7;
				GENERATE_INFOPLIST_FILE = YES;
				IPHONEOS_DEPLOYMENT_TARGET = 17.2;
				MARKETING_VERSION = 1.0;
				PRODUCT_BUNDLE_IDENTIFIER = com.carlostorrejon.DragonBallTests;
				PRODUCT_NAME = "$(TARGET_NAME)";
				SWIFT_EMIT_LOC_STRINGS = NO;
				SWIFT_VERSION = 5.0;
				TARGETED_DEVICE_FAMILY = "1,2";
				TEST_HOST = "$(BUILT_PRODUCTS_DIR)/DragonBall.app/$(BUNDLE_EXECUTABLE_FOLDER_PATH)/DragonBall";
			};
			name = Debug;
		};
		B31987382B7CBB460028681A /* Release */ = {
			isa = XCBuildConfiguration;
			buildSettings = {
				ALWAYS_EMBED_SWIFT_STANDARD_LIBRARIES = YES;
				BUNDLE_LOADER = "$(TEST_HOST)";
				CODE_SIGN_STYLE = Automatic;
				CURRENT_PROJECT_VERSION = 1;
				DEVELOPMENT_TEAM = P48L4VGBZ7;
				GENERATE_INFOPLIST_FILE = YES;
				IPHONEOS_DEPLOYMENT_TARGET = 17.2;
				MARKETING_VERSION = 1.0;
				PRODUCT_BUNDLE_IDENTIFIER = com.carlostorrejon.DragonBallTests;
				PRODUCT_NAME = "$(TARGET_NAME)";
				SWIFT_EMIT_LOC_STRINGS = NO;
				SWIFT_VERSION = 5.0;
				TARGETED_DEVICE_FAMILY = "1,2";
				TEST_HOST = "$(BUILT_PRODUCTS_DIR)/DragonBall.app/$(BUNDLE_EXECUTABLE_FOLDER_PATH)/DragonBall";
			};
			name = Release;
		};
		B319873A2B7CBB460028681A /* Debug */ = {
			isa = XCBuildConfiguration;
			buildSettings = {
				ALWAYS_EMBED_SWIFT_STANDARD_LIBRARIES = YES;
				CODE_SIGN_STYLE = Automatic;
				CURRENT_PROJECT_VERSION = 1;
				DEVELOPMENT_TEAM = P48L4VGBZ7;
				GENERATE_INFOPLIST_FILE = YES;
				MARKETING_VERSION = 1.0;
				PRODUCT_BUNDLE_IDENTIFIER = com.carlostorrejon.DragonBallUITests;
				PRODUCT_NAME = "$(TARGET_NAME)";
				SWIFT_EMIT_LOC_STRINGS = NO;
				SWIFT_VERSION = 5.0;
				TARGETED_DEVICE_FAMILY = "1,2";
				TEST_TARGET_NAME = DragonBall;
			};
			name = Debug;
		};
		B319873B2B7CBB460028681A /* Release */ = {
			isa = XCBuildConfiguration;
			buildSettings = {
				ALWAYS_EMBED_SWIFT_STANDARD_LIBRARIES = YES;
				CODE_SIGN_STYLE = Automatic;
				CURRENT_PROJECT_VERSION = 1;
				DEVELOPMENT_TEAM = P48L4VGBZ7;
				GENERATE_INFOPLIST_FILE = YES;
				MARKETING_VERSION = 1.0;
				PRODUCT_BUNDLE_IDENTIFIER = com.carlostorrejon.DragonBallUITests;
				PRODUCT_NAME = "$(TARGET_NAME)";
				SWIFT_EMIT_LOC_STRINGS = NO;
				SWIFT_VERSION = 5.0;
				TARGETED_DEVICE_FAMILY = "1,2";
				TEST_TARGET_NAME = DragonBall;
			};
			name = Release;
		};
/* End XCBuildConfiguration section */

/* Begin XCConfigurationList section */
		B31987012B7CBB450028681A /* Build configuration list for PBXProject "DragonBall" */ = {
			isa = XCConfigurationList;
			buildConfigurations = (
				B31987312B7CBB460028681A /* Debug */,
				B31987322B7CBB460028681A /* Release */,
			);
			defaultConfigurationIsVisible = 0;
			defaultConfigurationName = Release;
		};
		B31987332B7CBB460028681A /* Build configuration list for PBXNativeTarget "DragonBall" */ = {
			isa = XCConfigurationList;
			buildConfigurations = (
				B31987342B7CBB460028681A /* Debug */,
				B31987352B7CBB460028681A /* Release */,
			);
			defaultConfigurationIsVisible = 0;
			defaultConfigurationName = Release;
		};
		B31987362B7CBB460028681A /* Build configuration list for PBXNativeTarget "DragonBallTests" */ = {
			isa = XCConfigurationList;
			buildConfigurations = (
				B31987372B7CBB460028681A /* Debug */,
				B31987382B7CBB460028681A /* Release */,
			);
			defaultConfigurationIsVisible = 0;
			defaultConfigurationName = Release;
		};
		B31987392B7CBB460028681A /* Build configuration list for PBXNativeTarget "DragonBallUITests" */ = {
			isa = XCConfigurationList;
			buildConfigurations = (
				B319873A2B7CBB460028681A /* Debug */,
				B319873B2B7CBB460028681A /* Release */,
			);
			defaultConfigurationIsVisible = 0;
			defaultConfigurationName = Release;
		};
/* End XCConfigurationList section */

/* Begin XCRemoteSwiftPackageReference section */
		B31987552B7E35220028681A /* XCRemoteSwiftPackageReference "keychain-swift" */ = {
			isa = XCRemoteSwiftPackageReference;
			repositoryURL = "https://github.com/evgenyneu/keychain-swift";
			requirement = {
				kind = upToNextMajorVersion;
				minimumVersion = 21.0.0;
			};
		};
		B31987792B7FF42E0028681A /* XCRemoteSwiftPackageReference "Kingfisher" */ = {
			isa = XCRemoteSwiftPackageReference;
			repositoryURL = "https://github.com/onevcat/Kingfisher";
			requirement = {
				kind = upToNextMajorVersion;
				minimumVersion = 7.11.0;
			};
		};
/* End XCRemoteSwiftPackageReference section */

/* Begin XCSwiftPackageProductDependency section */
		B31987562B7E35220028681A /* KeychainSwift */ = {
			isa = XCSwiftPackageProductDependency;
			package = B31987552B7E35220028681A /* XCRemoteSwiftPackageReference "keychain-swift" */;
			productName = KeychainSwift;
		};
		B319877A2B7FF42E0028681A /* Kingfisher */ = {
			isa = XCSwiftPackageProductDependency;
			package = B31987792B7FF42E0028681A /* XCRemoteSwiftPackageReference "Kingfisher" */;
			productName = Kingfisher;
		};
/* End XCSwiftPackageProductDependency section */

/* Begin XCVersionGroup section */
		B31987122B7CBB450028681A /* DragonBall.xcdatamodeld */ = {
			isa = XCVersionGroup;
			children = (
				B31987132B7CBB450028681A /* DragonBall.xcdatamodel */,
			);
			currentVersion = B31987132B7CBB450028681A /* DragonBall.xcdatamodel */;
			path = DragonBall.xcdatamodeld;
			sourceTree = "<group>";
			versionGroupType = wrapper.xcdatamodel;
		};
/* End XCVersionGroup section */
	};
	rootObject = B31986FE2B7CBB450028681A /* Project object */;
}
